// !$*UTF8*$!
{
	archiveVersion = 1;
	classes = {
	};
	objectVersion = 56;
	objects = {

/* Begin PBXBuildFile section */
		0413B3942B2E120B00021D31 /* IconImage.swift in Sources */ = {isa = PBXBuildFile; fileRef = 0413B3932B2E120B00021D31 /* IconImage.swift */; };
		0413B3962B2E122200021D31 /* IconImage+ViewModel.swift in Sources */ = {isa = PBXBuildFile; fileRef = 0413B3952B2E122200021D31 /* IconImage+ViewModel.swift */; };
		04461FC12B0B7003005A7FA3 /* AppDelegate.swift in Sources */ = {isa = PBXBuildFile; fileRef = 04461FC02B0B7003005A7FA3 /* AppDelegate.swift */; };
		04461FC32B0B7003005A7FA3 /* SceneDelegate.swift in Sources */ = {isa = PBXBuildFile; fileRef = 04461FC22B0B7003005A7FA3 /* SceneDelegate.swift */; };
		04461FC52B0B7003005A7FA3 /* ViewController.swift in Sources */ = {isa = PBXBuildFile; fileRef = 04461FC42B0B7003005A7FA3 /* ViewController.swift */; };
		04461FC82B0B7003005A7FA3 /* Main.storyboard in Resources */ = {isa = PBXBuildFile; fileRef = 04461FC62B0B7003005A7FA3 /* Main.storyboard */; };
		04461FCA2B0B7008005A7FA3 /* Assets.xcassets in Resources */ = {isa = PBXBuildFile; fileRef = 04461FC92B0B7008005A7FA3 /* Assets.xcassets */; };
		04461FCD2B0B7008005A7FA3 /* LaunchScreen.storyboard in Resources */ = {isa = PBXBuildFile; fileRef = 04461FCB2B0B7008005A7FA3 /* LaunchScreen.storyboard */; };
		04461FD62B0B7021005A7FA3 /* SnapKit in Frameworks */ = {isa = PBXBuildFile; productRef = 04461FD52B0B7021005A7FA3 /* SnapKit */; };
		04461FD92B0B7073005A7FA3 /* GeneralTabBar.swift in Sources */ = {isa = PBXBuildFile; fileRef = 04461FD82B0B7073005A7FA3 /* GeneralTabBar.swift */; };
		04461FDB2B0B70C1005A7FA3 /* CryptoListTabBar.swift in Sources */ = {isa = PBXBuildFile; fileRef = 04461FDA2B0B70C1005A7FA3 /* CryptoListTabBar.swift */; };
		04461FDD2B0B7128005A7FA3 /* ListOfExchangesTabBar.swift in Sources */ = {isa = PBXBuildFile; fileRef = 04461FDC2B0B7128005A7FA3 /* ListOfExchangesTabBar.swift */; };
		04461FDF2B0B7142005A7FA3 /* CryptoNewsTabBar.swift in Sources */ = {isa = PBXBuildFile; fileRef = 04461FDE2B0B7142005A7FA3 /* CryptoNewsTabBar.swift */; };
		04461FE12B0B715A005A7FA3 /* MapTabBar.swift in Sources */ = {isa = PBXBuildFile; fileRef = 04461FE02B0B715A005A7FA3 /* MapTabBar.swift */; };
		04461FE42B0B7C9B005A7FA3 /* ListCryptoViewCell.swift in Sources */ = {isa = PBXBuildFile; fileRef = 04461FE32B0B7C9B005A7FA3 /* ListCryptoViewCell.swift */; };
		04461FEB2B0BA048005A7FA3 /* CryptoModel.swift in Sources */ = {isa = PBXBuildFile; fileRef = 04461FEA2B0BA048005A7FA3 /* CryptoModel.swift */; };
		04461FED2B0BA059005A7FA3 /* BackendAPI.swift in Sources */ = {isa = PBXBuildFile; fileRef = 04461FEC2B0BA059005A7FA3 /* BackendAPI.swift */; };
		04461FEF2B0BA067005A7FA3 /* NetworkManager.swift in Sources */ = {isa = PBXBuildFile; fileRef = 04461FEE2B0BA067005A7FA3 /* NetworkManager.swift */; };
		04461FF22B0BA741005A7FA3 /* CombineMoya in Frameworks */ = {isa = PBXBuildFile; productRef = 04461FF12B0BA741005A7FA3 /* CombineMoya */; };
		04461FF42B0BA741005A7FA3 /* Moya in Frameworks */ = {isa = PBXBuildFile; productRef = 04461FF32B0BA741005A7FA3 /* Moya */; };
		04461FF62B0BA741005A7FA3 /* ReactiveMoya in Frameworks */ = {isa = PBXBuildFile; productRef = 04461FF52B0BA741005A7FA3 /* ReactiveMoya */; };
		04461FF82B0BA741005A7FA3 /* RxMoya in Frameworks */ = {isa = PBXBuildFile; productRef = 04461FF72B0BA741005A7FA3 /* RxMoya */; };
		04461FFA2B0CF9B8005A7FA3 /* NewsTableViewCell.swift in Sources */ = {isa = PBXBuildFile; fileRef = 04461FF92B0CF9B8005A7FA3 /* NewsTableViewCell.swift */; };
		04461FFC2B0CFB57005A7FA3 /* WrapperModel.swift in Sources */ = {isa = PBXBuildFile; fileRef = 04461FFB2B0CFB57005A7FA3 /* WrapperModel.swift */; };
		04461FFE2B0CFDFB005A7FA3 /* NewsModel.swift in Sources */ = {isa = PBXBuildFile; fileRef = 04461FFD2B0CFDFB005A7FA3 /* NewsModel.swift */; };
		04549A652B111CE0003D0FA5 /* ExchangesModel.swift in Sources */ = {isa = PBXBuildFile; fileRef = 04549A642B111CE0003D0FA5 /* ExchangesModel.swift */; };
		04549A842B1277A5003D0FA5 /* GoogleMaps in Frameworks */ = {isa = PBXBuildFile; productRef = 04549A832B1277A5003D0FA5 /* GoogleMaps */; };
		04549A872B1281A9003D0FA5 /* String.swift in Sources */ = {isa = PBXBuildFile; fileRef = 04549A862B1281A9003D0FA5 /* String.swift */; };
		04CC69CC2B0D29860043D292 /* ExchangesTableViewCell.swift in Sources */ = {isa = PBXBuildFile; fileRef = 04CC69CB2B0D29860043D292 /* ExchangesTableViewCell.swift */; };
/* End PBXBuildFile section */

/* Begin PBXFileReference section */
		0413B3932B2E120B00021D31 /* IconImage.swift */ = {isa = PBXFileReference; lastKnownFileType = sourcecode.swift; path = IconImage.swift; sourceTree = "<group>"; };
		0413B3952B2E122200021D31 /* IconImage+ViewModel.swift */ = {isa = PBXFileReference; lastKnownFileType = sourcecode.swift; path = "IconImage+ViewModel.swift"; sourceTree = "<group>"; };
		04461FBD2B0B7003005A7FA3 /* Crypto Way.app */ = {isa = PBXFileReference; explicitFileType = wrapper.application; includeInIndex = 0; path = "Crypto Way.app"; sourceTree = BUILT_PRODUCTS_DIR; };
		04461FC02B0B7003005A7FA3 /* AppDelegate.swift */ = {isa = PBXFileReference; lastKnownFileType = sourcecode.swift; path = AppDelegate.swift; sourceTree = "<group>"; };
		04461FC22B0B7003005A7FA3 /* SceneDelegate.swift */ = {isa = PBXFileReference; lastKnownFileType = sourcecode.swift; path = SceneDelegate.swift; sourceTree = "<group>"; };
		04461FC42B0B7003005A7FA3 /* ViewController.swift */ = {isa = PBXFileReference; lastKnownFileType = sourcecode.swift; path = ViewController.swift; sourceTree = "<group>"; };
		04461FC72B0B7003005A7FA3 /* Base */ = {isa = PBXFileReference; lastKnownFileType = file.storyboard; name = Base; path = Base.lproj/Main.storyboard; sourceTree = "<group>"; };
		04461FC92B0B7008005A7FA3 /* Assets.xcassets */ = {isa = PBXFileReference; lastKnownFileType = folder.assetcatalog; path = Assets.xcassets; sourceTree = "<group>"; };
		04461FCC2B0B7008005A7FA3 /* Base */ = {isa = PBXFileReference; lastKnownFileType = file.storyboard; name = Base; path = Base.lproj/LaunchScreen.storyboard; sourceTree = "<group>"; };
		04461FCE2B0B7008005A7FA3 /* Info.plist */ = {isa = PBXFileReference; lastKnownFileType = text.plist.xml; path = Info.plist; sourceTree = "<group>"; };
		04461FD82B0B7073005A7FA3 /* GeneralTabBar.swift */ = {isa = PBXFileReference; lastKnownFileType = sourcecode.swift; path = GeneralTabBar.swift; sourceTree = "<group>"; };
		04461FDA2B0B70C1005A7FA3 /* CryptoListTabBar.swift */ = {isa = PBXFileReference; lastKnownFileType = sourcecode.swift; path = CryptoListTabBar.swift; sourceTree = "<group>"; };
		04461FDC2B0B7128005A7FA3 /* ListOfExchangesTabBar.swift */ = {isa = PBXFileReference; lastKnownFileType = sourcecode.swift; path = ListOfExchangesTabBar.swift; sourceTree = "<group>"; };
		04461FDE2B0B7142005A7FA3 /* CryptoNewsTabBar.swift */ = {isa = PBXFileReference; lastKnownFileType = sourcecode.swift; path = CryptoNewsTabBar.swift; sourceTree = "<group>"; };
		04461FE02B0B715A005A7FA3 /* MapTabBar.swift */ = {isa = PBXFileReference; lastKnownFileType = sourcecode.swift; path = MapTabBar.swift; sourceTree = "<group>"; };
		04461FE32B0B7C9B005A7FA3 /* ListCryptoViewCell.swift */ = {isa = PBXFileReference; lastKnownFileType = sourcecode.swift; path = ListCryptoViewCell.swift; sourceTree = "<group>"; };
		04461FEA2B0BA048005A7FA3 /* CryptoModel.swift */ = {isa = PBXFileReference; lastKnownFileType = sourcecode.swift; path = CryptoModel.swift; sourceTree = "<group>"; };
		04461FEC2B0BA059005A7FA3 /* BackendAPI.swift */ = {isa = PBXFileReference; lastKnownFileType = sourcecode.swift; path = BackendAPI.swift; sourceTree = "<group>"; };
		04461FEE2B0BA067005A7FA3 /* NetworkManager.swift */ = {isa = PBXFileReference; lastKnownFileType = sourcecode.swift; path = NetworkManager.swift; sourceTree = "<group>"; };
		04461FF92B0CF9B8005A7FA3 /* NewsTableViewCell.swift */ = {isa = PBXFileReference; lastKnownFileType = sourcecode.swift; path = NewsTableViewCell.swift; sourceTree = "<group>"; };
		04461FFB2B0CFB57005A7FA3 /* WrapperModel.swift */ = {isa = PBXFileReference; lastKnownFileType = sourcecode.swift; path = WrapperModel.swift; sourceTree = "<group>"; };
		04461FFD2B0CFDFB005A7FA3 /* NewsModel.swift */ = {isa = PBXFileReference; lastKnownFileType = sourcecode.swift; path = NewsModel.swift; sourceTree = "<group>"; };
		04549A642B111CE0003D0FA5 /* ExchangesModel.swift */ = {isa = PBXFileReference; lastKnownFileType = sourcecode.swift; path = ExchangesModel.swift; sourceTree = "<group>"; };
		04549A862B1281A9003D0FA5 /* String.swift */ = {isa = PBXFileReference; lastKnownFileType = sourcecode.swift; path = String.swift; sourceTree = "<group>"; };
		04CC69CB2B0D29860043D292 /* ExchangesTableViewCell.swift */ = {isa = PBXFileReference; lastKnownFileType = sourcecode.swift; path = ExchangesTableViewCell.swift; sourceTree = "<group>"; };
/* End PBXFileReference section */

/* Begin PBXFrameworksBuildPhase section */
		04461FBA2B0B7003005A7FA3 /* Frameworks */ = {
			isa = PBXFrameworksBuildPhase;
			buildActionMask = 2147483647;
			files = (
				04461FF82B0BA741005A7FA3 /* RxMoya in Frameworks */,
				04461FF22B0BA741005A7FA3 /* CombineMoya in Frameworks */,
				04549A842B1277A5003D0FA5 /* GoogleMaps in Frameworks */,
				04461FF62B0BA741005A7FA3 /* ReactiveMoya in Frameworks */,
				04461FD62B0B7021005A7FA3 /* SnapKit in Frameworks */,
				04461FF42B0BA741005A7FA3 /* Moya in Frameworks */,
			);
			runOnlyForDeploymentPostprocessing = 0;
		};
/* End PBXFrameworksBuildPhase section */

/* Begin PBXGroup section */
		0413B3922B2E11F200021D31 /* IconImage */ = {
			isa = PBXGroup;
			children = (
				0413B3932B2E120B00021D31 /* IconImage.swift */,
				0413B3952B2E122200021D31 /* IconImage+ViewModel.swift */,
			);
			path = IconImage;
			sourceTree = "<group>";
		};
		04461FB42B0B7003005A7FA3 = {
			isa = PBXGroup;
			children = (
				04461FBF2B0B7003005A7FA3 /* Crypto Way */,
				04461FBE2B0B7003005A7FA3 /* Products */,
			);
			sourceTree = "<group>";
		};
		04461FBE2B0B7003005A7FA3 /* Products */ = {
			isa = PBXGroup;
			children = (
				04461FBD2B0B7003005A7FA3 /* Crypto Way.app */,
			);
			name = Products;
			sourceTree = "<group>";
		};
		04461FBF2B0B7003005A7FA3 /* Crypto Way */ = {
			isa = PBXGroup;
			children = (
				0413B3922B2E11F200021D31 /* IconImage */,
				04461FE92B0BA02B005A7FA3 /* Models */,
				04461FE22B0B7C50005A7FA3 /* Cells */,
				04461FD72B0B702A005A7FA3 /* Tabbars */,
				04549A852B12818F003D0FA5 /* Extensions */,
				04461FC02B0B7003005A7FA3 /* AppDelegate.swift */,
				04461FC22B0B7003005A7FA3 /* SceneDelegate.swift */,
				04461FC42B0B7003005A7FA3 /* ViewController.swift */,
				04461FC62B0B7003005A7FA3 /* Main.storyboard */,
				04461FC92B0B7008005A7FA3 /* Assets.xcassets */,
				04461FCB2B0B7008005A7FA3 /* LaunchScreen.storyboard */,
				04461FCE2B0B7008005A7FA3 /* Info.plist */,
			);
			path = "Crypto Way";
			sourceTree = "<group>";
		};
		04461FD72B0B702A005A7FA3 /* Tabbars */ = {
			isa = PBXGroup;
			children = (
				04461FD82B0B7073005A7FA3 /* GeneralTabBar.swift */,
				04461FDA2B0B70C1005A7FA3 /* CryptoListTabBar.swift */,
				04461FDC2B0B7128005A7FA3 /* ListOfExchangesTabBar.swift */,
				04461FDE2B0B7142005A7FA3 /* CryptoNewsTabBar.swift */,
				04461FE02B0B715A005A7FA3 /* MapTabBar.swift */,
			);
			path = Tabbars;
			sourceTree = "<group>";
		};
		04461FE22B0B7C50005A7FA3 /* Cells */ = {
			isa = PBXGroup;
			children = (
				04461FE32B0B7C9B005A7FA3 /* ListCryptoViewCell.swift */,
				04CC69CB2B0D29860043D292 /* ExchangesTableViewCell.swift */,
				04461FF92B0CF9B8005A7FA3 /* NewsTableViewCell.swift */,
			);
			path = Cells;
			sourceTree = "<group>";
		};
		04461FE92B0BA02B005A7FA3 /* Models */ = {
			isa = PBXGroup;
			children = (
				04461FEA2B0BA048005A7FA3 /* CryptoModel.swift */,
				04461FFB2B0CFB57005A7FA3 /* WrapperModel.swift */,
				04461FFD2B0CFDFB005A7FA3 /* NewsModel.swift */,
				04461FEC2B0BA059005A7FA3 /* BackendAPI.swift */,
				04461FEE2B0BA067005A7FA3 /* NetworkManager.swift */,
				04549A642B111CE0003D0FA5 /* ExchangesModel.swift */,
			);
			path = Models;
			sourceTree = "<group>";
		};
		04549A852B12818F003D0FA5 /* Extensions */ = {
			isa = PBXGroup;
			children = (
				04549A862B1281A9003D0FA5 /* String.swift */,
			);
			path = Extensions;
			sourceTree = "<group>";
		};
/* End PBXGroup section */

/* Begin PBXNativeTarget section */
		04461FBC2B0B7003005A7FA3 /* Crypto Way */ = {
			isa = PBXNativeTarget;
			buildConfigurationList = 04461FD12B0B7008005A7FA3 /* Build configuration list for PBXNativeTarget "Crypto Way" */;
			buildPhases = (
				04461FB92B0B7003005A7FA3 /* Sources */,
				04461FBA2B0B7003005A7FA3 /* Frameworks */,
				04461FBB2B0B7003005A7FA3 /* Resources */,
			);
			buildRules = (
			);
			dependencies = (
			);
			name = "Crypto Way";
			packageProductDependencies = (
				04461FD52B0B7021005A7FA3 /* SnapKit */,
				04461FF12B0BA741005A7FA3 /* CombineMoya */,
				04461FF32B0BA741005A7FA3 /* Moya */,
				04461FF52B0BA741005A7FA3 /* ReactiveMoya */,
				04461FF72B0BA741005A7FA3 /* RxMoya */,
				04549A832B1277A5003D0FA5 /* GoogleMaps */,
			);
			productName = "Crypto Way";
			productReference = 04461FBD2B0B7003005A7FA3 /* Crypto Way.app */;
			productType = "com.apple.product-type.application";
		};
/* End PBXNativeTarget section */

/* Begin PBXProject section */
		04461FB52B0B7003005A7FA3 /* Project object */ = {
			isa = PBXProject;
			attributes = {
				BuildIndependentTargetsInParallel = 1;
				LastSwiftUpdateCheck = 1430;
				LastUpgradeCheck = 1430;
				TargetAttributes = {
					04461FBC2B0B7003005A7FA3 = {
						CreatedOnToolsVersion = 14.3.1;
					};
				};
			};
			buildConfigurationList = 04461FB82B0B7003005A7FA3 /* Build configuration list for PBXProject "Crypto Way" */;
			compatibilityVersion = "Xcode 14.0";
			developmentRegion = en;
			hasScannedForEncodings = 0;
			knownRegions = (
				en,
				Base,
			);
			mainGroup = 04461FB42B0B7003005A7FA3;
			packageReferences = (
				04461FD42B0B7021005A7FA3 /* XCRemoteSwiftPackageReference "SnapKit" */,
				04461FF02B0BA741005A7FA3 /* XCRemoteSwiftPackageReference "Moya" */,
				04549A822B1277A5003D0FA5 /* XCRemoteSwiftPackageReference "GoogleMaps-SP" */,
			);
			productRefGroup = 04461FBE2B0B7003005A7FA3 /* Products */;
			projectDirPath = "";
			projectRoot = "";
			targets = (
				04461FBC2B0B7003005A7FA3 /* Crypto Way */,
			);
		};
/* End PBXProject section */

/* Begin PBXResourcesBuildPhase section */
		04461FBB2B0B7003005A7FA3 /* Resources */ = {
			isa = PBXResourcesBuildPhase;
			buildActionMask = 2147483647;
			files = (
				04461FCD2B0B7008005A7FA3 /* LaunchScreen.storyboard in Resources */,
				04461FCA2B0B7008005A7FA3 /* Assets.xcassets in Resources */,
				04461FC82B0B7003005A7FA3 /* Main.storyboard in Resources */,
			);
			runOnlyForDeploymentPostprocessing = 0;
		};
/* End PBXResourcesBuildPhase section */

/* Begin PBXSourcesBuildPhase section */
		04461FB92B0B7003005A7FA3 /* Sources */ = {
			isa = PBXSourcesBuildPhase;
			buildActionMask = 2147483647;
			files = (
				04CC69CC2B0D29860043D292 /* ExchangesTableViewCell.swift in Sources */,
				04461FFC2B0CFB57005A7FA3 /* WrapperModel.swift in Sources */,
				04461FEF2B0BA067005A7FA3 /* NetworkManager.swift in Sources */,
				0413B3942B2E120B00021D31 /* IconImage.swift in Sources */,
				04461FE42B0B7C9B005A7FA3 /* ListCryptoViewCell.swift in Sources */,
				04461FD92B0B7073005A7FA3 /* GeneralTabBar.swift in Sources */,
				04461FC52B0B7003005A7FA3 /* ViewController.swift in Sources */,
				0413B3962B2E122200021D31 /* IconImage+ViewModel.swift in Sources */,
				04461FFA2B0CF9B8005A7FA3 /* NewsTableViewCell.swift in Sources */,
				04461FE12B0B715A005A7FA3 /* MapTabBar.swift in Sources */,
				04461FED2B0BA059005A7FA3 /* BackendAPI.swift in Sources */,
				04461FEB2B0BA048005A7FA3 /* CryptoModel.swift in Sources */,
				04461FFE2B0CFDFB005A7FA3 /* NewsModel.swift in Sources */,
				04549A652B111CE0003D0FA5 /* ExchangesModel.swift in Sources */,
				04549A872B1281A9003D0FA5 /* String.swift in Sources */,
				04461FC12B0B7003005A7FA3 /* AppDelegate.swift in Sources */,
				04461FDD2B0B7128005A7FA3 /* ListOfExchangesTabBar.swift in Sources */,
				04461FC32B0B7003005A7FA3 /* SceneDelegate.swift in Sources */,
				04461FDF2B0B7142005A7FA3 /* CryptoNewsTabBar.swift in Sources */,
				04461FDB2B0B70C1005A7FA3 /* CryptoListTabBar.swift in Sources */,
			);
			runOnlyForDeploymentPostprocessing = 0;
		};
/* End PBXSourcesBuildPhase section */

/* Begin PBXVariantGroup section */
		04461FC62B0B7003005A7FA3 /* Main.storyboard */ = {
			isa = PBXVariantGroup;
			children = (
				04461FC72B0B7003005A7FA3 /* Base */,
			);
			name = Main.storyboard;
			sourceTree = "<group>";
		};
		04461FCB2B0B7008005A7FA3 /* LaunchScreen.storyboard */ = {
			isa = PBXVariantGroup;
			children = (
				04461FCC2B0B7008005A7FA3 /* Base */,
			);
			name = LaunchScreen.storyboard;
			sourceTree = "<group>";
		};
/* End PBXVariantGroup section */

/* Begin XCBuildConfiguration section */
		04461FCF2B0B7008005A7FA3 /* Debug */ = {
			isa = XCBuildConfiguration;
			buildSettings = {
				ALWAYS_SEARCH_USER_PATHS = NO;
				CLANG_ANALYZER_NONNULL = YES;
				CLANG_ANALYZER_NUMBER_OBJECT_CONVERSION = YES_AGGRESSIVE;
				CLANG_CXX_LANGUAGE_STANDARD = "gnu++20";
				CLANG_ENABLE_MODULES = YES;
				CLANG_ENABLE_OBJC_ARC = YES;
				CLANG_ENABLE_OBJC_WEAK = YES;
				CLANG_WARN_BLOCK_CAPTURE_AUTORELEASING = YES;
				CLANG_WARN_BOOL_CONVERSION = YES;
				CLANG_WARN_COMMA = YES;
				CLANG_WARN_CONSTANT_CONVERSION = YES;
				CLANG_WARN_DEPRECATED_OBJC_IMPLEMENTATIONS = YES;
				CLANG_WARN_DIRECT_OBJC_ISA_USAGE = YES_ERROR;
				CLANG_WARN_DOCUMENTATION_COMMENTS = YES;
				CLANG_WARN_EMPTY_BODY = YES;
				CLANG_WARN_ENUM_CONVERSION = YES;
				CLANG_WARN_INFINITE_RECURSION = YES;
				CLANG_WARN_INT_CONVERSION = YES;
				CLANG_WARN_NON_LITERAL_NULL_CONVERSION = YES;
				CLANG_WARN_OBJC_IMPLICIT_RETAIN_SELF = YES;
				CLANG_WARN_OBJC_LITERAL_CONVERSION = YES;
				CLANG_WARN_OBJC_ROOT_CLASS = YES_ERROR;
				CLANG_WARN_QUOTED_INCLUDE_IN_FRAMEWORK_HEADER = YES;
				CLANG_WARN_RANGE_LOOP_ANALYSIS = YES;
				CLANG_WARN_STRICT_PROTOTYPES = YES;
				CLANG_WARN_SUSPICIOUS_MOVE = YES;
				CLANG_WARN_UNGUARDED_AVAILABILITY = YES_AGGRESSIVE;
				CLANG_WARN_UNREACHABLE_CODE = YES;
				CLANG_WARN__DUPLICATE_METHOD_MATCH = YES;
				COPY_PHASE_STRIP = NO;
				DEBUG_INFORMATION_FORMAT = dwarf;
				ENABLE_STRICT_OBJC_MSGSEND = YES;
				ENABLE_TESTABILITY = YES;
				GCC_C_LANGUAGE_STANDARD = gnu11;
				GCC_DYNAMIC_NO_PIC = NO;
				GCC_NO_COMMON_BLOCKS = YES;
				GCC_OPTIMIZATION_LEVEL = 0;
				GCC_PREPROCESSOR_DEFINITIONS = (
					"DEBUG=1",
					"$(inherited)",
				);
				GCC_WARN_64_TO_32_BIT_CONVERSION = YES;
				GCC_WARN_ABOUT_RETURN_TYPE = YES_ERROR;
				GCC_WARN_UNDECLARED_SELECTOR = YES;
				GCC_WARN_UNINITIALIZED_AUTOS = YES_AGGRESSIVE;
				GCC_WARN_UNUSED_FUNCTION = YES;
				GCC_WARN_UNUSED_VARIABLE = YES;
				IPHONEOS_DEPLOYMENT_TARGET = 16.4;
				MTL_ENABLE_DEBUG_INFO = INCLUDE_SOURCE;
				MTL_FAST_MATH = YES;
				ONLY_ACTIVE_ARCH = YES;
				SDKROOT = iphoneos;
				SWIFT_ACTIVE_COMPILATION_CONDITIONS = DEBUG;
				SWIFT_OPTIMIZATION_LEVEL = "-Onone";
			};
			name = Debug;
		};
		04461FD02B0B7008005A7FA3 /* Release */ = {
			isa = XCBuildConfiguration;
			buildSettings = {
				ALWAYS_SEARCH_USER_PATHS = NO;
				CLANG_ANALYZER_NONNULL = YES;
				CLANG_ANALYZER_NUMBER_OBJECT_CONVERSION = YES_AGGRESSIVE;
				CLANG_CXX_LANGUAGE_STANDARD = "gnu++20";
				CLANG_ENABLE_MODULES = YES;
				CLANG_ENABLE_OBJC_ARC = YES;
				CLANG_ENABLE_OBJC_WEAK = YES;
				CLANG_WARN_BLOCK_CAPTURE_AUTORELEASING = YES;
				CLANG_WARN_BOOL_CONVERSION = YES;
				CLANG_WARN_COMMA = YES;
				CLANG_WARN_CONSTANT_CONVERSION = YES;
				CLANG_WARN_DEPRECATED_OBJC_IMPLEMENTATIONS = YES;
				CLANG_WARN_DIRECT_OBJC_ISA_USAGE = YES_ERROR;
				CLANG_WARN_DOCUMENTATION_COMMENTS = YES;
				CLANG_WARN_EMPTY_BODY = YES;
				CLANG_WARN_ENUM_CONVERSION = YES;
				CLANG_WARN_INFINITE_RECURSION = YES;
				CLANG_WARN_INT_CONVERSION = YES;
				CLANG_WARN_NON_LITERAL_NULL_CONVERSION = YES;
				CLANG_WARN_OBJC_IMPLICIT_RETAIN_SELF = YES;
				CLANG_WARN_OBJC_LITERAL_CONVERSION = YES;
				CLANG_WARN_OBJC_ROOT_CLASS = YES_ERROR;
				CLANG_WARN_QUOTED_INCLUDE_IN_FRAMEWORK_HEADER = YES;
				CLANG_WARN_RANGE_LOOP_ANALYSIS = YES;
				CLANG_WARN_STRICT_PROTOTYPES = YES;
				CLANG_WARN_SUSPICIOUS_MOVE = YES;
				CLANG_WARN_UNGUARDED_AVAILABILITY = YES_AGGRESSIVE;
				CLANG_WARN_UNREACHABLE_CODE = YES;
				CLANG_WARN__DUPLICATE_METHOD_MATCH = YES;
				COPY_PHASE_STRIP = NO;
				DEBUG_INFORMATION_FORMAT = "dwarf-with-dsym";
				ENABLE_NS_ASSERTIONS = NO;
				ENABLE_STRICT_OBJC_MSGSEND = YES;
				GCC_C_LANGUAGE_STANDARD = gnu11;
				GCC_NO_COMMON_BLOCKS = YES;
				GCC_WARN_64_TO_32_BIT_CONVERSION = YES;
				GCC_WARN_ABOUT_RETURN_TYPE = YES_ERROR;
				GCC_WARN_UNDECLARED_SELECTOR = YES;
				GCC_WARN_UNINITIALIZED_AUTOS = YES_AGGRESSIVE;
				GCC_WARN_UNUSED_FUNCTION = YES;
				GCC_WARN_UNUSED_VARIABLE = YES;
				IPHONEOS_DEPLOYMENT_TARGET = 16.4;
				MTL_ENABLE_DEBUG_INFO = NO;
				MTL_FAST_MATH = YES;
				SDKROOT = iphoneos;
				SWIFT_COMPILATION_MODE = wholemodule;
				SWIFT_OPTIMIZATION_LEVEL = "-O";
				VALIDATE_PRODUCT = YES;
			};
			name = Release;
		};
		04461FD22B0B7008005A7FA3 /* Debug */ = {
			isa = XCBuildConfiguration;
			buildSettings = {
				ASSETCATALOG_COMPILER_APPICON_NAME = AppIcon;
				ASSETCATALOG_COMPILER_GLOBAL_ACCENT_COLOR_NAME = AccentColor;
				CODE_SIGN_STYLE = Automatic;
				CURRENT_PROJECT_VERSION = 1;
				DEVELOPMENT_TEAM = 9P73LPU7WG;
				GENERATE_INFOPLIST_FILE = YES;
				INFOPLIST_FILE = "Crypto Way/Info.plist";
				INFOPLIST_KEY_UIApplicationSupportsIndirectInputEvents = YES;
				INFOPLIST_KEY_UILaunchStoryboardName = LaunchScreen;
				INFOPLIST_KEY_UIMainStoryboardFile = Main;
				INFOPLIST_KEY_UISupportedInterfaceOrientations_iPad = "UIInterfaceOrientationPortrait UIInterfaceOrientationPortraitUpsideDown UIInterfaceOrientationLandscapeLeft UIInterfaceOrientationLandscapeRight";
				INFOPLIST_KEY_UISupportedInterfaceOrientations_iPhone = "UIInterfaceOrientationPortrait UIInterfaceOrientationLandscapeLeft UIInterfaceOrientationLandscapeRight";
				LD_RUNPATH_SEARCH_PATHS = (
					"$(inherited)",
					"@executable_path/Frameworks",
				);
				MARKETING_VERSION = 1.0;
				PRODUCT_BUNDLE_IDENTIFIER = "Ando.Crypto-Way";
				PRODUCT_NAME = "$(TARGET_NAME)";
				SWIFT_EMIT_LOC_STRINGS = YES;
				SWIFT_VERSION = 5.0;
				TARGETED_DEVICE_FAMILY = "1,2";
			};
			name = Debug;
		};
		04461FD32B0B7008005A7FA3 /* Release */ = {
			isa = XCBuildConfiguration;
			buildSettings = {
				ASSETCATALOG_COMPILER_APPICON_NAME = AppIcon;
				ASSETCATALOG_COMPILER_GLOBAL_ACCENT_COLOR_NAME = AccentColor;
				CODE_SIGN_STYLE = Automatic;
				CURRENT_PROJECT_VERSION = 1;
				DEVELOPMENT_TEAM = 9P73LPU7WG;
				GENERATE_INFOPLIST_FILE = YES;
				INFOPLIST_FILE = "Crypto Way/Info.plist";
				INFOPLIST_KEY_UIApplicationSupportsIndirectInputEvents = YES;
				INFOPLIST_KEY_UILaunchStoryboardName = LaunchScreen;
				INFOPLIST_KEY_UIMainStoryboardFile = Main;
				INFOPLIST_KEY_UISupportedInterfaceOrientations_iPad = "UIInterfaceOrientationPortrait UIInterfaceOrientationPortraitUpsideDown UIInterfaceOrientationLandscapeLeft UIInterfaceOrientationLandscapeRight";
				INFOPLIST_KEY_UISupportedInterfaceOrientations_iPhone = "UIInterfaceOrientationPortrait UIInterfaceOrientationLandscapeLeft UIInterfaceOrientationLandscapeRight";
				LD_RUNPATH_SEARCH_PATHS = (
					"$(inherited)",
					"@executable_path/Frameworks",
				);
				MARKETING_VERSION = 1.0;
				PRODUCT_BUNDLE_IDENTIFIER = "Ando.Crypto-Way";
				PRODUCT_NAME = "$(TARGET_NAME)";
				SWIFT_EMIT_LOC_STRINGS = YES;
				SWIFT_VERSION = 5.0;
				TARGETED_DEVICE_FAMILY = "1,2";
			};
			name = Release;
		};
/* End XCBuildConfiguration section */

/* Begin XCConfigurationList section */
		04461FB82B0B7003005A7FA3 /* Build configuration list for PBXProject "Crypto Way" */ = {
			isa = XCConfigurationList;
			buildConfigurations = (
				04461FCF2B0B7008005A7FA3 /* Debug */,
				04461FD02B0B7008005A7FA3 /* Release */,
			);
			defaultConfigurationIsVisible = 0;
			defaultConfigurationName = Release;
		};
		04461FD12B0B7008005A7FA3 /* Build configuration list for PBXNativeTarget "Crypto Way" */ = {
			isa = XCConfigurationList;
			buildConfigurations = (
				04461FD22B0B7008005A7FA3 /* Debug */,
				04461FD32B0B7008005A7FA3 /* Release */,
			);
			defaultConfigurationIsVisible = 0;
			defaultConfigurationName = Release;
		};
/* End XCConfigurationList section */

/* Begin XCRemoteSwiftPackageReference section */
		04461FD42B0B7021005A7FA3 /* XCRemoteSwiftPackageReference "SnapKit" */ = {
			isa = XCRemoteSwiftPackageReference;
			repositoryURL = "https://github.com/SnapKit/SnapKit.git";
			requirement = {
				kind = upToNextMajorVersion;
				minimumVersion = 5.0.0;
			};
		};
		04461FF02B0BA741005A7FA3 /* XCRemoteSwiftPackageReference "Moya" */ = {
			isa = XCRemoteSwiftPackageReference;
			repositoryURL = "https://github.com/Moya/Moya.git";
			requirement = {
				kind = upToNextMajorVersion;
				minimumVersion = 15.0.0;
			};
		};
		04549A822B1277A5003D0FA5 /* XCRemoteSwiftPackageReference "GoogleMaps-SP" */ = {
			isa = XCRemoteSwiftPackageReference;
			repositoryURL = "https://github.com/YAtechnologies/GoogleMaps-SP.git";
			requirement = {
				kind = exactVersion;
				version = 7.2.0;
			};
		};
/* End XCRemoteSwiftPackageReference section */

/* Begin XCSwiftPackageProductDependency section */
		04461FD52B0B7021005A7FA3 /* SnapKit */ = {
			isa = XCSwiftPackageProductDependency;
			package = 04461FD42B0B7021005A7FA3 /* XCRemoteSwiftPackageReference "SnapKit" */;
			productName = SnapKit;
		};
		04461FF12B0BA741005A7FA3 /* CombineMoya */ = {
			isa = XCSwiftPackageProductDependency;
			package = 04461FF02B0BA741005A7FA3 /* XCRemoteSwiftPackageReference "Moya" */;
			productName = CombineMoya;
		};
		04461FF32B0BA741005A7FA3 /* Moya */ = {
			isa = XCSwiftPackageProductDependency;
			package = 04461FF02B0BA741005A7FA3 /* XCRemoteSwiftPackageReference "Moya" */;
			productName = Moya;
		};
		04461FF52B0BA741005A7FA3 /* ReactiveMoya */ = {
			isa = XCSwiftPackageProductDependency;
			package = 04461FF02B0BA741005A7FA3 /* XCRemoteSwiftPackageReference "Moya" */;
			productName = ReactiveMoya;
		};
		04461FF72B0BA741005A7FA3 /* RxMoya */ = {
			isa = XCSwiftPackageProductDependency;
			package = 04461FF02B0BA741005A7FA3 /* XCRemoteSwiftPackageReference "Moya" */;
			productName = RxMoya;
		};
		04549A832B1277A5003D0FA5 /* GoogleMaps */ = {
			isa = XCSwiftPackageProductDependency;
			package = 04549A822B1277A5003D0FA5 /* XCRemoteSwiftPackageReference "GoogleMaps-SP" */;
			productName = GoogleMaps;
		};
/* End XCSwiftPackageProductDependency section */
	};
	rootObject = 04461FB52B0B7003005A7FA3 /* Project object */;
}
